schema: '2.0'
stages:
  prepare:
    cmd: python src/tokenize_and_sample.py -i dataset/raw_tickets.csv -o 
      dataset/sample_tickets.json -s 500
    deps:
    - path: dataset/raw_tickets.csv
      hash: md5
      md5: 51ea944b4aacc602185e03554eb5ad06
      size: 14311326
    - path: src/tokenize_and_sample.py
      hash: md5
      md5: e734cfb73ddc6c32ea489152002c47d5
      size: 2124
    outs:
    - path: dataset/sample_tickets.json
      hash: md5
      md5: e182ad0939960fa292ed3717b2da3bef
      size: 392072
  train:
    cmd: python src/train.py --input dataset/raw_tickets.csv --epochs 1 
      --batch-size 16 --learning-rate 2e-05 --max-length 256 --quick-test true
    deps:
    - path: dataset/raw_tickets.csv
      hash: md5
      md5: 51ea944b4aacc602185e03554eb5ad06
      size: 14311326
    - path: src/train.py
      hash: md5
      md5: abfd26112583e909a69dc1211c27e3b3
      size: 15884
    params:
      params.yaml:
        train.batch_size: 16
        train.epochs: 1
        train.learning_rate: 2e-05
        train.max_length: 256
        train.quick_test: true
    outs:
    - path: metrics.json
      hash: md5
      md5: a29e165e697bafe7de217153be3041df
      size: 182
    - path: plots/confusion_matrix.png
      hash: md5
      md5: 1ccaf255e46aa35d49e07dfe3902152e
      size: 83468
